
Microsoft Visual Studio Solution File, Format Version 12.00
# Visual Studio 15
VisualStudioVersion = 15.0.27428.2002
MinimumVisualStudioVersion = 10.0.40219.1
Project("{FAE04EC0-301F-11D3-BF4B-00C04F79EFBC}") = "CatalogExplorer.Web", "CatalogExplorer.Web\CatalogExplorer.Web.csproj", "{16671ADD-0589-4465-A71E-50A27102845C}"
EndProject
Project("{FAE04EC0-301F-11D3-BF4B-00C04F79EFBC}") = "CatalogExplorer.DAL", "CatalogExplorer.DAL\CatalogExplorer.DAL.csproj", "{045E4945-3F48-4A28-BC56-A0A53C502EC2}"
EndProject
Global
	GlobalSection(SolutionConfigurationPlatforms) = preSolution
		Debug|Any CPU = Debug|Any CPU
		Release|Any CPU = Release|Any CPU
	EndGlobalSection
	GlobalSection(ProjectConfigurationPlatforms) = postSolution
		{16671ADD-0589-4465-A71E-50A27102845C}.Debug|Any CPU.ActiveCfg = Debug|Any CPU
		{16671ADD-0589-4465-A71E-50A27102845C}.Debug|Any CPU.Build.0 = Debug|Any CPU
		{16671ADD-0589-4465-A71E-50A27102845C}.Release|Any CPU.ActiveCfg = Release|Any CPU
		{16671ADD-0589-4465-A71E-50A27102845C}.Release|Any CPU.Build.0 = Release|Any CPU
		{045E4945-3F48-4A28-BC56-A0A53C502EC2}.Debug|Any CPU.ActiveCfg = Debug|Any CPU
		{045E4945-3F48-4A28-BC56-A0A53C502EC2}.Debug|Any CPU.Build.0 = Debug|Any CPU
		{045E4945-3F48-4A28-BC56-A0A53C502EC2}.Release|Any CPU.ActiveCfg = Release|Any CPU
		{045E4945-3F48-4A28-BC56-A0A53C502EC2}.Release|Any CPU.Build.0 = Release|Any CPU
	EndGlobalSection
	GlobalSection(SolutionProperties) = preSolution
		HideSolutionNode = FALSE
	EndGlobalSection
	GlobalSection(ExtensibilityGlobals) = postSolution
		SolutionGuid = {49F610D1-9426-47E1-B188-4EA7337B196C}
	EndGlobalSection
EndGlobal
